
Microsoft Visual Studio Solution File, Format Version 12.00
# Visual Studio Version 17
VisualStudioVersion = 17.8.34330.188
MinimumVisualStudioVersion = 10.0.40219.1
Project("{8BC9CEB8-8B4A-11D0-8D11-00A0C91BC942}") = "VKTutorial", "VKTutorial.vcxproj", "{8AB71CF1-A997-4047-81B0-626B25B569E8}"
EndProject
Global
	GlobalSection(SolutionConfigurationPlatforms) = preSolution
		Debug|x64 = Debug|x64
		Debug|x86 = Debug|x86
		Release|x64 = Release|x64
		Release|x86 = Release|x86
	EndGlobalSection
	GlobalSection(ProjectConfigurationPlatforms) = postSolution
		{8AB71CF1-A997-4047-81B0-626B25B569E8}.Debug|x64.ActiveCfg = Debug|x64
		{8AB71CF1-A997-4047-81B0-626B25B569E8}.Debug|x64.Build.0 = Debug|x64
		{8AB71CF1-A997-4047-81B0-626B25B569E8}.Debug|x86.ActiveCfg = Debug|Win32
		{8AB71CF1-A997-4047-81B0-626B25B569E8}.Debug|x86.Build.0 = Debug|Win32
		{8AB71CF1-A997-4047-81B0-626B25B569E8}.Release|x64.ActiveCfg = Release|x64
		{8AB71CF1-A997-4047-81B0-626B25B569E8}.Release|x64.Build.0 = Release|x64
		{8AB71CF1-A997-4047-81B0-626B25B569E8}.Release|x86.ActiveCfg = Release|Win32
		{8AB71CF1-A997-4047-81B0-626B25B569E8}.Release|x86.Build.0 = Release|Win32
	EndGlobalSection
	GlobalSection(SolutionProperties) = preSolution
		HideSolutionNode = FALSE
	EndGlobalSection
	GlobalSection(ExtensibilityGlobals) = postSolution
		SolutionGuid = {939FE05C-0ADB-4E06-A5CA-7C3311161003}
	EndGlobalSection
EndGlobal
